
Microsoft Visual Studio Solution File, Format Version 12.00
# Visual Studio Version 17
VisualStudioVersion = 17.5.002.0
MinimumVisualStudioVersion = 10.0.40219.1
Project("{9A19103F-16F7-4668-BE54-9A1E7A4F7556}") = "api", "api\api.csproj", "{070016C3-CF21-4CBA-BD6A-4982876D368D}"
EndProject
Project("{9A19103F-16F7-4668-BE54-9A1E7A4F7556}") = "Contracts", "Contracts\Contracts.csproj", "{97D349B9-9C57-47F0-A74E-8E6D2656111C}"
EndProject
Project("{9A19103F-16F7-4668-BE54-9A1E7A4F7556}") = "Entities", "Entities\Entities.csproj", "{B84DEEA7-8A28-47B9-BA1E-2AA8D966B1A8}"
EndProject
Project("{9A19103F-16F7-4668-BE54-9A1E7A4F7556}") = "Presentation", "Presentation\Presentation.csproj", "{406CEBCB-6258-4D82-86AC-D1B8C4C97184}"
EndProject
Project("{9A19103F-16F7-4668-BE54-9A1E7A4F7556}") = "Repository", "Repository\Repository.csproj", "{373EADFD-A0AF-481E-A190-9611602CA199}"
EndProject
Project("{9A19103F-16F7-4668-BE54-9A1E7A4F7556}") = "Service", "Service\Service.csproj", "{E6D2F540-2809-4C28-9B72-4BB87C0D21FD}"
EndProject
Project("{9A19103F-16F7-4668-BE54-9A1E7A4F7556}") = "Service.Contracts", "Service.Contracts\Service.Contracts.csproj", "{D2D85211-96E9-4B26-AFB7-E99B0A5968A5}"
EndProject
Project("{9A19103F-16F7-4668-BE54-9A1E7A4F7556}") = "Shared", "Shared\Shared.csproj", "{DF07ECB8-CEAF-4AE2-B2DE-C398A804532C}"
EndProject
Global
	GlobalSection(SolutionConfigurationPlatforms) = preSolution
		Debug|Any CPU = Debug|Any CPU
		Release|Any CPU = Release|Any CPU
	EndGlobalSection
	GlobalSection(ProjectConfigurationPlatforms) = postSolution
		{070016C3-CF21-4CBA-BD6A-4982876D368D}.Debug|Any CPU.ActiveCfg = Debug|Any CPU
		{070016C3-CF21-4CBA-BD6A-4982876D368D}.Debug|Any CPU.Build.0 = Debug|Any CPU
		{070016C3-CF21-4CBA-BD6A-4982876D368D}.Release|Any CPU.ActiveCfg = Release|Any CPU
		{070016C3-CF21-4CBA-BD6A-4982876D368D}.Release|Any CPU.Build.0 = Release|Any CPU
		{97D349B9-9C57-47F0-A74E-8E6D2656111C}.Debug|Any CPU.ActiveCfg = Debug|Any CPU
		{97D349B9-9C57-47F0-A74E-8E6D2656111C}.Debug|Any CPU.Build.0 = Debug|Any CPU
		{97D349B9-9C57-47F0-A74E-8E6D2656111C}.Release|Any CPU.ActiveCfg = Release|Any CPU
		{97D349B9-9C57-47F0-A74E-8E6D2656111C}.Release|Any CPU.Build.0 = Release|Any CPU
		{B84DEEA7-8A28-47B9-BA1E-2AA8D966B1A8}.Debug|Any CPU.ActiveCfg = Debug|Any CPU
		{B84DEEA7-8A28-47B9-BA1E-2AA8D966B1A8}.Debug|Any CPU.Build.0 = Debug|Any CPU
		{B84DEEA7-8A28-47B9-BA1E-2AA8D966B1A8}.Release|Any CPU.ActiveCfg = Release|Any CPU
		{B84DEEA7-8A28-47B9-BA1E-2AA8D966B1A8}.Release|Any CPU.Build.0 = Release|Any CPU
		{406CEBCB-6258-4D82-86AC-D1B8C4C97184}.Debug|Any CPU.ActiveCfg = Debug|Any CPU
		{406CEBCB-6258-4D82-86AC-D1B8C4C97184}.Debug|Any CPU.Build.0 = Debug|Any CPU
		{406CEBCB-6258-4D82-86AC-D1B8C4C97184}.Release|Any CPU.ActiveCfg = Release|Any CPU
		{406CEBCB-6258-4D82-86AC-D1B8C4C97184}.Release|Any CPU.Build.0 = Release|Any CPU
		{373EADFD-A0AF-481E-A190-9611602CA199}.Debug|Any CPU.ActiveCfg = Debug|Any CPU
		{373EADFD-A0AF-481E-A190-9611602CA199}.Debug|Any CPU.Build.0 = Debug|Any CPU
		{373EADFD-A0AF-481E-A190-9611602CA199}.Release|Any CPU.ActiveCfg = Release|Any CPU
		{373EADFD-A0AF-481E-A190-9611602CA199}.Release|Any CPU.Build.0 = Release|Any CPU
		{E6D2F540-2809-4C28-9B72-4BB87C0D21FD}.Debug|Any CPU.ActiveCfg = Debug|Any CPU
		{E6D2F540-2809-4C28-9B72-4BB87C0D21FD}.Debug|Any CPU.Build.0 = Debug|Any CPU
		{E6D2F540-2809-4C28-9B72-4BB87C0D21FD}.Release|Any CPU.ActiveCfg = Release|Any CPU
		{E6D2F540-2809-4C28-9B72-4BB87C0D21FD}.Release|Any CPU.Build.0 = Release|Any CPU
		{D2D85211-96E9-4B26-AFB7-E99B0A5968A5}.Debug|Any CPU.ActiveCfg = Debug|Any CPU
		{D2D85211-96E9-4B26-AFB7-E99B0A5968A5}.Debug|Any CPU.Build.0 = Debug|Any CPU
		{D2D85211-96E9-4B26-AFB7-E99B0A5968A5}.Release|Any CPU.ActiveCfg = Release|Any CPU
		{D2D85211-96E9-4B26-AFB7-E99B0A5968A5}.Release|Any CPU.Build.0 = Release|Any CPU
		{DF07ECB8-CEAF-4AE2-B2DE-C398A804532C}.Debug|Any CPU.ActiveCfg = Debug|Any CPU
		{DF07ECB8-CEAF-4AE2-B2DE-C398A804532C}.Debug|Any CPU.Build.0 = Debug|Any CPU
		{DF07ECB8-CEAF-4AE2-B2DE-C398A804532C}.Release|Any CPU.ActiveCfg = Release|Any CPU
		{DF07ECB8-CEAF-4AE2-B2DE-C398A804532C}.Release|Any CPU.Build.0 = Release|Any CPU
	EndGlobalSection
	GlobalSection(SolutionProperties) = preSolution
		HideSolutionNode = FALSE
	EndGlobalSection
	GlobalSection(ExtensibilityGlobals) = postSolution
		SolutionGuid = {CFDAD2DA-54D5-43BC-9F57-EEA559405328}
	EndGlobalSection
EndGlobal
